
Microsoft Visual Studio Solution File, Format Version 12.00
# Visual Studio Version 16
VisualStudioVersion = 16.0.32228.343
MinimumVisualStudioVersion = 10.0.40219.1
Project("{FAE04EC0-301F-11D3-BF4B-00C04F79EFBC}") = "FinalProjectBackend", "FinalProjectBackend\FinalProjectBackend.csproj", "{1BEFBB6F-47C7-4978-B7C5-53BE4081A674}"
EndProject
Global
	GlobalSection(SolutionConfigurationPlatforms) = preSolution
		Debug|Any CPU = Debug|Any CPU
		Release|Any CPU = Release|Any CPU
	EndGlobalSection
	GlobalSection(ProjectConfigurationPlatforms) = postSolution
		{1BEFBB6F-47C7-4978-B7C5-53BE4081A674}.Debug|Any CPU.ActiveCfg = Debug|Any CPU
		{1BEFBB6F-47C7-4978-B7C5-53BE4081A674}.Debug|Any CPU.Build.0 = Debug|Any CPU
		{1BEFBB6F-47C7-4978-B7C5-53BE4081A674}.Release|Any CPU.ActiveCfg = Release|Any CPU
		{1BEFBB6F-47C7-4978-B7C5-53BE4081A674}.Release|Any CPU.Build.0 = Release|Any CPU
	EndGlobalSection
	GlobalSection(SolutionProperties) = preSolution
		HideSolutionNode = FALSE
	EndGlobalSection
	GlobalSection(ExtensibilityGlobals) = postSolution
		SolutionGuid = {96B1490F-E0AF-4D70-AE41-C5263D5E99BA}
	EndGlobalSection
EndGlobal
